
Microsoft Visual Studio Solution File, Format Version 12.00
# Visual Studio 15
VisualStudioVersion = 15.0.28010.2026
MinimumVisualStudioVersion = 10.0.40219.1
Project("{9A19103F-16F7-4668-BE54-9A1E7A4F7556}") = "Spitfyr.IdentityServer4.GcpDS", "Spitfyr.IdentityServer4.GcpDS\Spitfyr.IdentityServer4.GcpDS.csproj", "{D5A175E5-D4BE-42B8-BEE3-B57C058C571C}"
EndProject
Project("{9A19103F-16F7-4668-BE54-9A1E7A4F7556}") = "QuickstartIdentityServer", "QuickstartIdentityServer\QuickstartIdentityServer.csproj", "{CCA45B58-48B3-4823-B82A-3180E593CA42}"
EndProject
Global
	GlobalSection(SolutionConfigurationPlatforms) = preSolution
		Debug|Any CPU = Debug|Any CPU
		Release|Any CPU = Release|Any CPU
	EndGlobalSection
	GlobalSection(ProjectConfigurationPlatforms) = postSolution
		{D5A175E5-D4BE-42B8-BEE3-B57C058C571C}.Debug|Any CPU.ActiveCfg = Debug|Any CPU
		{D5A175E5-D4BE-42B8-BEE3-B57C058C571C}.Debug|Any CPU.Build.0 = Debug|Any CPU
		{D5A175E5-D4BE-42B8-BEE3-B57C058C571C}.Release|Any CPU.ActiveCfg = Release|Any CPU
		{D5A175E5-D4BE-42B8-BEE3-B57C058C571C}.Release|Any CPU.Build.0 = Release|Any CPU
		{CCA45B58-48B3-4823-B82A-3180E593CA42}.Debug|Any CPU.ActiveCfg = Debug|Any CPU
		{CCA45B58-48B3-4823-B82A-3180E593CA42}.Debug|Any CPU.Build.0 = Debug|Any CPU
		{CCA45B58-48B3-4823-B82A-3180E593CA42}.Release|Any CPU.ActiveCfg = Release|Any CPU
		{CCA45B58-48B3-4823-B82A-3180E593CA42}.Release|Any CPU.Build.0 = Release|Any CPU
	EndGlobalSection
	GlobalSection(SolutionProperties) = preSolution
		HideSolutionNode = FALSE
	EndGlobalSection
	GlobalSection(ExtensibilityGlobals) = postSolution
		SolutionGuid = {2A3B6781-9349-487C-8043-21147966E1BF}
	EndGlobalSection
EndGlobal
